
Microsoft Visual Studio Solution File, Format Version 12.00
# Visual Studio 2013
VisualStudioVersion = 12.0.30723.0
MinimumVisualStudioVersion = 10.0.40219.1
Project("{FAE04EC0-301F-11D3-BF4B-00C04F79EFBC}") = "LuceneNet.Client", "LuceneNet.Client\LuceneNet.Client.csproj", "{CE9D62C9-3A5B-4B25-98B7-718A8E0400A4}"
EndProject
Project("{FAE04EC0-301F-11D3-BF4B-00C04F79EFBC}") = "LuceneNet.Dao", "LuceneNet.Dao\LuceneNet.Dao.csproj", "{D0128B6A-9D0E-4FE6-98E0-8FD2258D7C1B}"
EndProject
Project("{FAE04EC0-301F-11D3-BF4B-00C04F79EFBC}") = "LuceneNet.IDao", "LuceneNet.IDao\LuceneNet.IDao.csproj", "{B1112890-057E-426E-A77B-4F2380678D70}"
EndProject
Project("{FAE04EC0-301F-11D3-BF4B-00C04F79EFBC}") = "LuceneNet.IService", "LuceneNet.IService\LuceneNet.IService.csproj", "{BFA793E0-9F45-4484-B021-06A6F12E7685}"
EndProject
Project("{FAE04EC0-301F-11D3-BF4B-00C04F79EFBC}") = "LuceneNet.Model", "LuceneNet.Model\LuceneNet.Model.csproj", "{1DA95D9D-53DC-45E1-9E9A-93B7E6E2C50D}"
EndProject
Project("{FAE04EC0-301F-11D3-BF4B-00C04F79EFBC}") = "LuceneNet.Service", "LuceneNet.Service\LuceneNet.Service.csproj", "{17BDD474-7753-488F-B8C4-E010F40C8CBA}"
EndProject
Project("{FAE04EC0-301F-11D3-BF4B-00C04F79EFBC}") = "ReferenceLibrary", "ReferenceLibrary\ReferenceLibrary.csproj", "{FA42D28F-C8EB-40B3-942A-36D79A89AFA2}"
EndProject
Project("{FAE04EC0-301F-11D3-BF4B-00C04F79EFBC}") = "LuceneNet.Server", "LuceneNet.Server\LuceneNet.Server.csproj", "{19760961-90C2-482B-8FF1-77D5124BC990}"
EndProject
Project("{2150E333-8FDC-42A3-9474-1A3956D46DE8}") = "app", "app", "{DE7060AC-C649-4691-8474-CF35BB31D9D1}"
EndProject
Project("{2150E333-8FDC-42A3-9474-1A3956D46DE8}") = "component", "component", "{299D6D29-1681-4D24-9517-763180F19540}"
EndProject
Project("{2150E333-8FDC-42A3-9474-1A3956D46DE8}") = "module", "module", "{927E0D23-8B38-49C2-B813-456A0A83A3DF}"
EndProject
Global
	GlobalSection(SolutionConfigurationPlatforms) = preSolution
		Debug|Any CPU = Debug|Any CPU
		Release|Any CPU = Release|Any CPU
	EndGlobalSection
	GlobalSection(ProjectConfigurationPlatforms) = postSolution
		{CE9D62C9-3A5B-4B25-98B7-718A8E0400A4}.Debug|Any CPU.ActiveCfg = Debug|Any CPU
		{CE9D62C9-3A5B-4B25-98B7-718A8E0400A4}.Debug|Any CPU.Build.0 = Debug|Any CPU
		{CE9D62C9-3A5B-4B25-98B7-718A8E0400A4}.Release|Any CPU.ActiveCfg = Release|Any CPU
		{CE9D62C9-3A5B-4B25-98B7-718A8E0400A4}.Release|Any CPU.Build.0 = Release|Any CPU
		{D0128B6A-9D0E-4FE6-98E0-8FD2258D7C1B}.Debug|Any CPU.ActiveCfg = Debug|Any CPU
		{D0128B6A-9D0E-4FE6-98E0-8FD2258D7C1B}.Debug|Any CPU.Build.0 = Debug|Any CPU
		{D0128B6A-9D0E-4FE6-98E0-8FD2258D7C1B}.Release|Any CPU.ActiveCfg = Release|Any CPU
		{D0128B6A-9D0E-4FE6-98E0-8FD2258D7C1B}.Release|Any CPU.Build.0 = Release|Any CPU
		{B1112890-057E-426E-A77B-4F2380678D70}.Debug|Any CPU.ActiveCfg = Debug|Any CPU
		{B1112890-057E-426E-A77B-4F2380678D70}.Debug|Any CPU.Build.0 = Debug|Any CPU
		{B1112890-057E-426E-A77B-4F2380678D70}.Release|Any CPU.ActiveCfg = Release|Any CPU
		{B1112890-057E-426E-A77B-4F2380678D70}.Release|Any CPU.Build.0 = Release|Any CPU
		{BFA793E0-9F45-4484-B021-06A6F12E7685}.Debug|Any CPU.ActiveCfg = Debug|Any CPU
		{BFA793E0-9F45-4484-B021-06A6F12E7685}.Debug|Any CPU.Build.0 = Debug|Any CPU
		{BFA793E0-9F45-4484-B021-06A6F12E7685}.Release|Any CPU.ActiveCfg = Release|Any CPU
		{BFA793E0-9F45-4484-B021-06A6F12E7685}.Release|Any CPU.Build.0 = Release|Any CPU
		{1DA95D9D-53DC-45E1-9E9A-93B7E6E2C50D}.Debug|Any CPU.ActiveCfg = Debug|Any CPU
		{1DA95D9D-53DC-45E1-9E9A-93B7E6E2C50D}.Debug|Any CPU.Build.0 = Debug|Any CPU
		{1DA95D9D-53DC-45E1-9E9A-93B7E6E2C50D}.Release|Any CPU.ActiveCfg = Release|Any CPU
		{1DA95D9D-53DC-45E1-9E9A-93B7E6E2C50D}.Release|Any CPU.Build.0 = Release|Any CPU
		{17BDD474-7753-488F-B8C4-E010F40C8CBA}.Debug|Any CPU.ActiveCfg = Debug|Any CPU
		{17BDD474-7753-488F-B8C4-E010F40C8CBA}.Debug|Any CPU.Build.0 = Debug|Any CPU
		{17BDD474-7753-488F-B8C4-E010F40C8CBA}.Release|Any CPU.ActiveCfg = Release|Any CPU
		{17BDD474-7753-488F-B8C4-E010F40C8CBA}.Release|Any CPU.Build.0 = Release|Any CPU
		{FA42D28F-C8EB-40B3-942A-36D79A89AFA2}.Debug|Any CPU.ActiveCfg = Debug|Any CPU
		{FA42D28F-C8EB-40B3-942A-36D79A89AFA2}.Debug|Any CPU.Build.0 = Debug|Any CPU
		{FA42D28F-C8EB-40B3-942A-36D79A89AFA2}.Release|Any CPU.ActiveCfg = Release|Any CPU
		{FA42D28F-C8EB-40B3-942A-36D79A89AFA2}.Release|Any CPU.Build.0 = Release|Any CPU
		{19760961-90C2-482B-8FF1-77D5124BC990}.Debug|Any CPU.ActiveCfg = Debug|Any CPU
		{19760961-90C2-482B-8FF1-77D5124BC990}.Debug|Any CPU.Build.0 = Debug|Any CPU
		{19760961-90C2-482B-8FF1-77D5124BC990}.Release|Any CPU.ActiveCfg = Release|Any CPU
		{19760961-90C2-482B-8FF1-77D5124BC990}.Release|Any CPU.Build.0 = Release|Any CPU
	EndGlobalSection
	GlobalSection(SolutionProperties) = preSolution
		HideSolutionNode = FALSE
	EndGlobalSection
	GlobalSection(NestedProjects) = preSolution
		{CE9D62C9-3A5B-4B25-98B7-718A8E0400A4} = {DE7060AC-C649-4691-8474-CF35BB31D9D1}
		{D0128B6A-9D0E-4FE6-98E0-8FD2258D7C1B} = {927E0D23-8B38-49C2-B813-456A0A83A3DF}
		{B1112890-057E-426E-A77B-4F2380678D70} = {927E0D23-8B38-49C2-B813-456A0A83A3DF}
		{BFA793E0-9F45-4484-B021-06A6F12E7685} = {927E0D23-8B38-49C2-B813-456A0A83A3DF}
		{1DA95D9D-53DC-45E1-9E9A-93B7E6E2C50D} = {927E0D23-8B38-49C2-B813-456A0A83A3DF}
		{17BDD474-7753-488F-B8C4-E010F40C8CBA} = {927E0D23-8B38-49C2-B813-456A0A83A3DF}
		{FA42D28F-C8EB-40B3-942A-36D79A89AFA2} = {299D6D29-1681-4D24-9517-763180F19540}
		{19760961-90C2-482B-8FF1-77D5124BC990} = {DE7060AC-C649-4691-8474-CF35BB31D9D1}
	EndGlobalSection
EndGlobal
